<?xml version="1.0" encoding="utf-8"?>
<Project ToolsVersion="4.0" xmlns="http://schemas.microsoft.com/developer/msbuild/2003">
  <ItemGroup>
    <Filter Include="Source Files">
      <UniqueIdentifier>{4FC737F1-C7A5-4376-A066-2A32D752A2FF}</UniqueIdentifier>
      <Extensions>cpp;c;cc;cxx;c++;cppm;ixx;def;odl;idl;hpj;bat;asm;asmx</Extensions>
    </Filter>
    <Filter Include="Header Files">
      <UniqueIdentifier>{93995380-89BD-4b04-88EB-625FBE52EBFB}</UniqueIdentifier>
      <Extensions>h;hh;hpp;hxx;h++;hm;inl;inc;ipp;xsd</Extensions>
    </Filter>
    <Filter Include="Resource Files">
      <UniqueIdentifier>{67DA6AB6-F800-4c08-8B7A-83BB121AAD01}</UniqueIdentifier>
      <Extensions>rc;ico;cur;bmp;dlg;rc2;rct;bin;rgs;gif;jpg;jpeg;jpe;resx;tiff;tif;png;wav;mfcribbon-ms</Extensions>
    </Filter>
  </ItemGroup>
  <ItemGroup>
    <ClCompile Include="src\AccountsManager.cpp">
      <Filter>Source Files</Filter>
    </ClCompile>
    <ClCompile Include="src\AddToAcountListHandler.cpp">
      <Filter>Source Files</Filter>
    </ClCompile>
    <ClCompile Include="src\LoginHandler.cpp">
      <Filter>Source Files</Filter>
    </ClCompile>
    <ClCompile Include="src\Main.cpp">
      <Filter>Source Files</Filter>
    </ClCompile>
    <ClCompile Include="src\MultipleAnswerQuestion.cpp">
      <Filter>Source Files</Filter>
    </ClCompile>
    <ClCompile Include="src\NumericalAnswerQuestion.cpp">
      <Filter>Source Files</Filter>
    </ClCompile>
    <ClCompile Include="src\User.cpp">
      <Filter>Source Files</Filter>
    </ClCompile>
    <ClCompile Include="src\utils.cpp">
      <Filter>Source Files</Filter>
    </ClCompile>
    <ClCompile Include="src\QuestionManager.cpp">
      <Filter>Source Files</Filter>
    </ClCompile>
    <ClCompile Include="src\Board.cpp">
      <Filter>Source Files</Filter>
    </ClCompile>
    <ClCompile Include="src\Game.cpp">
      <Filter>Source Files</Filter>
    </ClCompile>
    <ClCompile Include="src\Player.cpp">
      <Filter>Source Files</Filter>
    </ClCompile>
    <ClCompile Include="src\Territory.cpp">
      <Filter>Source Files</Filter>
    </ClCompile>
    <ClCompile Include="src\CreateGameHandler.cpp">
      <Filter>Source Files</Filter>
    </ClCompile>
    <ClCompile Include="src\MultipleAnswerQuestionHandler.cpp">
      <Filter>Source Files</Filter>
    </ClCompile>
    <ClCompile Include="src\NumericalAnswerQuestionHandler.cpp">
      <Filter>Source Files</Filter>
    </ClCompile>
    <ClCompile Include="Lobby.cpp">
      <Filter>Source Files</Filter>
    </ClCompile>
    <ClCompile Include="CreateLobbyHandler.cpp">
      <Filter>Source Files</Filter>
    </ClCompile>
  </ItemGroup>
  <ItemGroup>
    <ClInclude Include="include\AccountsManager.h">
      <Filter>Header Files</Filter>
    </ClInclude>
    <ClInclude Include="include\AddToAcountListHandler.h">
      <Filter>Header Files</Filter>
    </ClInclude>
    <ClInclude Include="include\LoginHandler.h">
      <Filter>Header Files</Filter>
    </ClInclude>
    <ClInclude Include="include\MultipleAnswerQuestion.h">
      <Filter>Header Files</Filter>
    </ClInclude>
    <ClInclude Include="include\NumericalAnswerQuestion.h">
      <Filter>Header Files</Filter>
    </ClInclude>
    <ClInclude Include="include\Question.h">
      <Filter>Header Files</Filter>
    </ClInclude>
    <ClInclude Include="include\User.h">
      <Filter>Header Files</Filter>
    </ClInclude>
    <ClInclude Include="include\utils.h">
      <Filter>Header Files</Filter>
    </ClInclude>
    <ClInclude Include="include\QuestionManager.h">
      <Filter>Header Files</Filter>
    </ClInclude>
    <ClInclude Include="include\Board.h">
      <Filter>Header Files</Filter>
    </ClInclude>
    <ClInclude Include="include\Game.h">
      <Filter>Header Files</Filter>
    </ClInclude>
    <ClInclude Include="include\Player.h">
      <Filter>Header Files</Filter>
    </ClInclude>
    <ClInclude Include="include\Territory.h">
      <Filter>Header Files</Filter>
    </ClInclude>
    <ClInclude Include="include\CreateGameHandler.h">
      <Filter>Header Files</Filter>
    </ClInclude>
    <ClInclude Include="include\MultipleAnswerQuestionHandler.h">
      <Filter>Header Files</Filter>
    </ClInclude>
    <ClInclude Include="include\NumericalAnswerQuestionHandler.h">
      <Filter>Header Files</Filter>
    </ClInclude>
    <ClInclude Include="Lobby.h">
      <Filter>Header Files</Filter>
    </ClInclude>
    <ClInclude Include="CreateLobbyHandler.h">
      <Filter>Header Files</Filter>
    </ClInclude>
  </ItemGroup>
  <ItemGroup>
    <Text Include="resource\multipleAnswerQuestions.txt">
      <Filter>Resource Files</Filter>
    </Text>
    <Text Include="resource\numericalAnswerQuestions.txt">
      <Filter>Resource Files</Filter>
    </Text>
  </ItemGroup>
  <ItemGroup>
    <None Include="resource\Accounts.sqlite">
      <Filter>Resource Files</Filter>
    </None>
    <None Include="resource\Questions.sqlite">
      <Filter>Resource Files</Filter>
    </None>
  </ItemGroup>
</Project>