
Microsoft Visual Studio Solution File, Format Version 12.00
# Visual Studio Version 17
VisualStudioVersion = 17.4.33122.133
MinimumVisualStudioVersion = 10.0.40219.1
Project("{8BC9CEB8-8B4A-11D0-8D11-00A0C91BC942}") = "TriviadorClient", "TriviadorClient\TriviadorClient.vcxproj", "{7BDFCC22-96DD-4086-87DE-BB66EC2582AE}"
EndProject
Project("{8BC9CEB8-8B4A-11D0-8D11-00A0C91BC942}") = "TriviadorCommon", "..\DLL\TriviadorCommon.vcxproj", "{FC36D2CF-31F0-45C8-AC72-669DCDB4E97D}"
EndProject
Global
	GlobalSection(SolutionConfigurationPlatforms) = preSolution
		Debug|x64 = Debug|x64
		Release|x64 = Release|x64
	EndGlobalSection
	GlobalSection(ProjectConfigurationPlatforms) = postSolution
		{7BDFCC22-96DD-4086-87DE-BB66EC2582AE}.Debug|x64.ActiveCfg = Debug|x64
		{7BDFCC22-96DD-4086-87DE-BB66EC2582AE}.Debug|x64.Build.0 = Debug|x64
		{7BDFCC22-96DD-4086-87DE-BB66EC2582AE}.Release|x64.ActiveCfg = Release|x64
		{7BDFCC22-96DD-4086-87DE-BB66EC2582AE}.Release|x64.Build.0 = Release|x64
		{FC36D2CF-31F0-45C8-AC72-669DCDB4E97D}.Debug|x64.ActiveCfg = Debug|x64
		{FC36D2CF-31F0-45C8-AC72-669DCDB4E97D}.Debug|x64.Build.0 = Debug|x64
		{FC36D2CF-31F0-45C8-AC72-669DCDB4E97D}.Release|x64.ActiveCfg = Release|x64
		{FC36D2CF-31F0-45C8-AC72-669DCDB4E97D}.Release|x64.Build.0 = Release|x64
	EndGlobalSection
	GlobalSection(SolutionProperties) = preSolution
		HideSolutionNode = FALSE
	EndGlobalSection
	GlobalSection(ExtensibilityGlobals) = postSolution
		SolutionGuid = {CDB76776-F961-42AC-B8DC-743BD0D4A088}
	EndGlobalSection
EndGlobal
