
Microsoft Visual Studio Solution File, Format Version 12.00
# Visual Studio Version 17
VisualStudioVersion = 17.4.33110.190
MinimumVisualStudioVersion = 10.0.40219.1
Project("{8BC9CEB8-8B4A-11D0-8D11-00A0C91BC942}") = "TriviadorServer", "TriviadorServer\TriviadorServer.vcxproj", "{0C36115A-6FA0-4273-A201-D8356E2E5133}"
EndProject
Project("{8BC9CEB8-8B4A-11D0-8D11-00A0C91BC942}") = "DLL", "..\DLL\DLL.vcxproj", "{9E2136B6-2306-4123-885C-BAC6BD2BA278}"
EndProject
Global
	GlobalSection(SolutionConfigurationPlatforms) = preSolution
		Release|x64 = Release|x64
	EndGlobalSection
	GlobalSection(ProjectConfigurationPlatforms) = postSolution
		{0C36115A-6FA0-4273-A201-D8356E2E5133}.Release|x64.ActiveCfg = Release|x64
		{0C36115A-6FA0-4273-A201-D8356E2E5133}.Release|x64.Build.0 = Release|x64
		{9E2136B6-2306-4123-885C-BAC6BD2BA278}.Release|x64.ActiveCfg = Release|x64
		{9E2136B6-2306-4123-885C-BAC6BD2BA278}.Release|x64.Build.0 = Release|x64
	EndGlobalSection
	GlobalSection(SolutionProperties) = preSolution
		HideSolutionNode = FALSE
	EndGlobalSection
	GlobalSection(ExtensibilityGlobals) = postSolution
		SolutionGuid = {70DAE7C3-8E0B-4ECB-A85C-495CFB398926}
	EndGlobalSection
EndGlobal
